{
    "version": 3,
    "terraform_version": "0.11.3",
    "serial": 28,
    "lineage": "afa1e231-f5e1-4e52-ba24-71aa46d16be7",
    "modules": [
        {
            "path": [
                "root"
            ],
            "outputs": {},
            "resources": {
                "aws_dynamodb_table.orchestra_db": {
                    "type": "aws_dynamodb_table",
                    "depends_on": [],
                    "primary": {
                        "id": "Orchestra",
                        "attributes": {
                            "arn": "arn:aws:dynamodb:us-east-1:000000000000:table/Orchestra",
                            "attribute.#": "1",
                            "attribute.3105534619.name": "sampleId",
                            "attribute.3105534619.type": "S",
                            "billing_mode": "PROVISIONED",
                            "global_secondary_index.#": "0",
                            "hash_key": "sampleId",
                            "id": "Orchestra",
                            "local_secondary_index.#": "0",
                            "name": "Orchestra",
                            "point_in_time_recovery.#": "1",
                            "point_in_time_recovery.0.enabled": "false",
                            "read_capacity": "2",
                            "server_side_encryption.#": "0",
                            "stream_arn": "",
                            "stream_enabled": "false",
                            "stream_label": "",
                            "stream_view_type": "",
                            "tags.%": "0",
                            "ttl.#": "1",
                            "ttl.2557590691.attribute_name": "TimeToExist",
                            "ttl.2557590691.enabled": "false",
                            "write_capacity": "2"
                        },
                        "meta": {
                            "e2bfb730-ecaa-11e6-8f88-34363bc7c4c0": {
                                "create": 600000000000,
                                "delete": 600000000000,
                                "update": 600000000000
                            },
                            "schema_version": "1"
                        },
                        "tainted": false
                    },
                    "deposed": [],
                    "provider": "provider.aws"
                }
            },
            "depends_on": []
        }
    ]
}
